
Microsoft Visual Studio Solution File, Format Version 12.00
# Visual Studio Version 17
VisualStudioVersion = 17.5.33627.172
MinimumVisualStudioVersion = 10.0.40219.1
Project("{FAE04EC0-301F-11D3-BF4B-00C04F79EFBC}") = "Linked List Örnek", "Linked List Örnek\Linked List Örnek.csproj", "{DAC80B57-7DEC-4174-B397-47D7971BA792}"
EndProject
Global
	GlobalSection(SolutionConfigurationPlatforms) = preSolution
		Debug|Any CPU = Debug|Any CPU
		Release|Any CPU = Release|Any CPU
	EndGlobalSection
	GlobalSection(ProjectConfigurationPlatforms) = postSolution
		{DAC80B57-7DEC-4174-B397-47D7971BA792}.Debug|Any CPU.ActiveCfg = Debug|Any CPU
		{DAC80B57-7DEC-4174-B397-47D7971BA792}.Debug|Any CPU.Build.0 = Debug|Any CPU
		{DAC80B57-7DEC-4174-B397-47D7971BA792}.Release|Any CPU.ActiveCfg = Release|Any CPU
		{DAC80B57-7DEC-4174-B397-47D7971BA792}.Release|Any CPU.Build.0 = Release|Any CPU
	EndGlobalSection
	GlobalSection(SolutionProperties) = preSolution
		HideSolutionNode = FALSE
	EndGlobalSection
	GlobalSection(ExtensibilityGlobals) = postSolution
		SolutionGuid = {2EB5BEA9-3DBC-42D1-9D57-9EA64401B543}
	EndGlobalSection
EndGlobal
